
Microsoft Visual Studio Solution File, Format Version 12.00
# Visual Studio 2013
VisualStudioVersion = 12.0.30723.0
MinimumVisualStudioVersion = 10.0.40219.1
Project("{FAE04EC0-301F-11D3-BF4B-00C04F79EFBC}") = "KittenView.Core", "KittenView.Core\KittenView.Core.csproj", "{9455C5D6-6915-4604-8C3D-46FB7CFFFBA1}"
EndProject
Project("{FAE04EC0-301F-11D3-BF4B-00C04F79EFBC}") = "KittenView.Droid", "KittenView.Droid\KittenView.Droid.csproj", "{E46346E9-A9C2-4A5F-BA46-84799F2DF96B}"
EndProject
Project("{FAE04EC0-301F-11D3-BF4B-00C04F79EFBC}") = "KittenView.Touch", "KittenView.Touch\KittenView.Touch.csproj", "{DE733217-C45E-420E-9768-202A876152A2}"
EndProject
Global
	GlobalSection(SolutionConfigurationPlatforms) = preSolution
		Ad-Hoc|Any CPU = Ad-Hoc|Any CPU
		Ad-Hoc|iPhone = Ad-Hoc|iPhone
		Ad-Hoc|iPhoneSimulator = Ad-Hoc|iPhoneSimulator
		Ad-Hoc|Mixed Platforms = Ad-Hoc|Mixed Platforms
		AppStore|Any CPU = AppStore|Any CPU
		AppStore|iPhone = AppStore|iPhone
		AppStore|iPhoneSimulator = AppStore|iPhoneSimulator
		AppStore|Mixed Platforms = AppStore|Mixed Platforms
		Debug|Any CPU = Debug|Any CPU
		Debug|iPhone = Debug|iPhone
		Debug|iPhoneSimulator = Debug|iPhoneSimulator
		Debug|Mixed Platforms = Debug|Mixed Platforms
		Release|Any CPU = Release|Any CPU
		Release|iPhone = Release|iPhone
		Release|iPhoneSimulator = Release|iPhoneSimulator
		Release|Mixed Platforms = Release|Mixed Platforms
	EndGlobalSection
	GlobalSection(ProjectConfigurationPlatforms) = postSolution
		{9455C5D6-6915-4604-8C3D-46FB7CFFFBA1}.Ad-Hoc|Any CPU.ActiveCfg = Release|Any CPU
		{9455C5D6-6915-4604-8C3D-46FB7CFFFBA1}.Ad-Hoc|Any CPU.Build.0 = Release|Any CPU
		{9455C5D6-6915-4604-8C3D-46FB7CFFFBA1}.Ad-Hoc|iPhone.ActiveCfg = Release|Any CPU
		{9455C5D6-6915-4604-8C3D-46FB7CFFFBA1}.Ad-Hoc|iPhoneSimulator.ActiveCfg = Release|Any CPU
		{9455C5D6-6915-4604-8C3D-46FB7CFFFBA1}.Ad-Hoc|Mixed Platforms.ActiveCfg = Release|Any CPU
		{9455C5D6-6915-4604-8C3D-46FB7CFFFBA1}.Ad-Hoc|Mixed Platforms.Build.0 = Release|Any CPU
		{9455C5D6-6915-4604-8C3D-46FB7CFFFBA1}.AppStore|Any CPU.ActiveCfg = Release|Any CPU
		{9455C5D6-6915-4604-8C3D-46FB7CFFFBA1}.AppStore|Any CPU.Build.0 = Release|Any CPU
		{9455C5D6-6915-4604-8C3D-46FB7CFFFBA1}.AppStore|iPhone.ActiveCfg = Release|Any CPU
		{9455C5D6-6915-4604-8C3D-46FB7CFFFBA1}.AppStore|iPhoneSimulator.ActiveCfg = Release|Any CPU
		{9455C5D6-6915-4604-8C3D-46FB7CFFFBA1}.AppStore|Mixed Platforms.ActiveCfg = Release|Any CPU
		{9455C5D6-6915-4604-8C3D-46FB7CFFFBA1}.AppStore|Mixed Platforms.Build.0 = Release|Any CPU
		{9455C5D6-6915-4604-8C3D-46FB7CFFFBA1}.Debug|Any CPU.ActiveCfg = Debug|Any CPU
		{9455C5D6-6915-4604-8C3D-46FB7CFFFBA1}.Debug|Any CPU.Build.0 = Debug|Any CPU
		{9455C5D6-6915-4604-8C3D-46FB7CFFFBA1}.Debug|iPhone.ActiveCfg = Debug|Any CPU
		{9455C5D6-6915-4604-8C3D-46FB7CFFFBA1}.Debug|iPhoneSimulator.ActiveCfg = Debug|Any CPU
		{9455C5D6-6915-4604-8C3D-46FB7CFFFBA1}.Debug|Mixed Platforms.ActiveCfg = Debug|Any CPU
		{9455C5D6-6915-4604-8C3D-46FB7CFFFBA1}.Debug|Mixed Platforms.Build.0 = Debug|Any CPU
		{9455C5D6-6915-4604-8C3D-46FB7CFFFBA1}.Release|Any CPU.ActiveCfg = Release|Any CPU
		{9455C5D6-6915-4604-8C3D-46FB7CFFFBA1}.Release|Any CPU.Build.0 = Release|Any CPU
		{9455C5D6-6915-4604-8C3D-46FB7CFFFBA1}.Release|iPhone.ActiveCfg = Release|Any CPU
		{9455C5D6-6915-4604-8C3D-46FB7CFFFBA1}.Release|iPhoneSimulator.ActiveCfg = Release|Any CPU
		{9455C5D6-6915-4604-8C3D-46FB7CFFFBA1}.Release|Mixed Platforms.ActiveCfg = Release|Any CPU
		{9455C5D6-6915-4604-8C3D-46FB7CFFFBA1}.Release|Mixed Platforms.Build.0 = Release|Any CPU
		{E46346E9-A9C2-4A5F-BA46-84799F2DF96B}.Ad-Hoc|Any CPU.ActiveCfg = Release|Any CPU
		{E46346E9-A9C2-4A5F-BA46-84799F2DF96B}.Ad-Hoc|Any CPU.Build.0 = Release|Any CPU
		{E46346E9-A9C2-4A5F-BA46-84799F2DF96B}.Ad-Hoc|Any CPU.Deploy.0 = Release|Any CPU
		{E46346E9-A9C2-4A5F-BA46-84799F2DF96B}.Ad-Hoc|iPhone.ActiveCfg = Release|Any CPU
		{E46346E9-A9C2-4A5F-BA46-84799F2DF96B}.Ad-Hoc|iPhoneSimulator.ActiveCfg = Release|Any CPU
		{E46346E9-A9C2-4A5F-BA46-84799F2DF96B}.Ad-Hoc|Mixed Platforms.ActiveCfg = Release|Any CPU
		{E46346E9-A9C2-4A5F-BA46-84799F2DF96B}.Ad-Hoc|Mixed Platforms.Build.0 = Release|Any CPU
		{E46346E9-A9C2-4A5F-BA46-84799F2DF96B}.Ad-Hoc|Mixed Platforms.Deploy.0 = Release|Any CPU
		{E46346E9-A9C2-4A5F-BA46-84799F2DF96B}.AppStore|Any CPU.ActiveCfg = Release|Any CPU
		{E46346E9-A9C2-4A5F-BA46-84799F2DF96B}.AppStore|Any CPU.Build.0 = Release|Any CPU
		{E46346E9-A9C2-4A5F-BA46-84799F2DF96B}.AppStore|Any CPU.Deploy.0 = Release|Any CPU
		{E46346E9-A9C2-4A5F-BA46-84799F2DF96B}.AppStore|iPhone.ActiveCfg = Release|Any CPU
		{E46346E9-A9C2-4A5F-BA46-84799F2DF96B}.AppStore|iPhoneSimulator.ActiveCfg = Release|Any CPU
		{E46346E9-A9C2-4A5F-BA46-84799F2DF96B}.AppStore|Mixed Platforms.ActiveCfg = Release|Any CPU
		{E46346E9-A9C2-4A5F-BA46-84799F2DF96B}.AppStore|Mixed Platforms.Build.0 = Release|Any CPU
		{E46346E9-A9C2-4A5F-BA46-84799F2DF96B}.AppStore|Mixed Platforms.Deploy.0 = Release|Any CPU
		{E46346E9-A9C2-4A5F-BA46-84799F2DF96B}.Debug|Any CPU.ActiveCfg = Debug|Any CPU
		{E46346E9-A9C2-4A5F-BA46-84799F2DF96B}.Debug|Any CPU.Build.0 = Debug|Any CPU
		{E46346E9-A9C2-4A5F-BA46-84799F2DF96B}.Debug|Any CPU.Deploy.0 = Debug|Any CPU
		{E46346E9-A9C2-4A5F-BA46-84799F2DF96B}.Debug|iPhone.ActiveCfg = Debug|Any CPU
		{E46346E9-A9C2-4A5F-BA46-84799F2DF96B}.Debug|iPhoneSimulator.ActiveCfg = Debug|Any CPU
		{E46346E9-A9C2-4A5F-BA46-84799F2DF96B}.Debug|Mixed Platforms.ActiveCfg = Debug|Any CPU
		{E46346E9-A9C2-4A5F-BA46-84799F2DF96B}.Debug|Mixed Platforms.Build.0 = Debug|Any CPU
		{E46346E9-A9C2-4A5F-BA46-84799F2DF96B}.Debug|Mixed Platforms.Deploy.0 = Debug|Any CPU
		{E46346E9-A9C2-4A5F-BA46-84799F2DF96B}.Release|Any CPU.ActiveCfg = Release|Any CPU
		{E46346E9-A9C2-4A5F-BA46-84799F2DF96B}.Release|Any CPU.Build.0 = Release|Any CPU
		{E46346E9-A9C2-4A5F-BA46-84799F2DF96B}.Release|Any CPU.Deploy.0 = Release|Any CPU
		{E46346E9-A9C2-4A5F-BA46-84799F2DF96B}.Release|iPhone.ActiveCfg = Release|Any CPU
		{E46346E9-A9C2-4A5F-BA46-84799F2DF96B}.Release|iPhoneSimulator.ActiveCfg = Release|Any CPU
		{E46346E9-A9C2-4A5F-BA46-84799F2DF96B}.Release|Mixed Platforms.ActiveCfg = Release|Any CPU
		{E46346E9-A9C2-4A5F-BA46-84799F2DF96B}.Release|Mixed Platforms.Build.0 = Release|Any CPU
		{E46346E9-A9C2-4A5F-BA46-84799F2DF96B}.Release|Mixed Platforms.Deploy.0 = Release|Any CPU
		{DE733217-C45E-420E-9768-202A876152A2}.Ad-Hoc|Any CPU.ActiveCfg = Ad-Hoc|iPhone
		{DE733217-C45E-420E-9768-202A876152A2}.Ad-Hoc|iPhone.ActiveCfg = Ad-Hoc|iPhone
		{DE733217-C45E-420E-9768-202A876152A2}.Ad-Hoc|iPhone.Build.0 = Ad-Hoc|iPhone
		{DE733217-C45E-420E-9768-202A876152A2}.Ad-Hoc|iPhoneSimulator.ActiveCfg = Ad-Hoc|iPhoneSimulator
		{DE733217-C45E-420E-9768-202A876152A2}.Ad-Hoc|iPhoneSimulator.Build.0 = Ad-Hoc|iPhoneSimulator
		{DE733217-C45E-420E-9768-202A876152A2}.Ad-Hoc|Mixed Platforms.ActiveCfg = Ad-Hoc|iPhone
		{DE733217-C45E-420E-9768-202A876152A2}.Ad-Hoc|Mixed Platforms.Build.0 = Ad-Hoc|iPhone
		{DE733217-C45E-420E-9768-202A876152A2}.AppStore|Any CPU.ActiveCfg = AppStore|iPhone
		{DE733217-C45E-420E-9768-202A876152A2}.AppStore|iPhone.ActiveCfg = AppStore|iPhone
		{DE733217-C45E-420E-9768-202A876152A2}.AppStore|iPhone.Build.0 = AppStore|iPhone
		{DE733217-C45E-420E-9768-202A876152A2}.AppStore|iPhoneSimulator.ActiveCfg = AppStore|iPhoneSimulator
		{DE733217-C45E-420E-9768-202A876152A2}.AppStore|iPhoneSimulator.Build.0 = AppStore|iPhoneSimulator
		{DE733217-C45E-420E-9768-202A876152A2}.AppStore|Mixed Platforms.ActiveCfg = AppStore|iPhone
		{DE733217-C45E-420E-9768-202A876152A2}.AppStore|Mixed Platforms.Build.0 = AppStore|iPhone
		{DE733217-C45E-420E-9768-202A876152A2}.Debug|Any CPU.ActiveCfg = Debug|iPhone
		{DE733217-C45E-420E-9768-202A876152A2}.Debug|iPhone.ActiveCfg = Debug|iPhone
		{DE733217-C45E-420E-9768-202A876152A2}.Debug|iPhone.Build.0 = Debug|iPhone
		{DE733217-C45E-420E-9768-202A876152A2}.Debug|iPhoneSimulator.ActiveCfg = Debug|iPhoneSimulator
		{DE733217-C45E-420E-9768-202A876152A2}.Debug|iPhoneSimulator.Build.0 = Debug|iPhoneSimulator
		{DE733217-C45E-420E-9768-202A876152A2}.Debug|Mixed Platforms.ActiveCfg = Debug|iPhone
		{DE733217-C45E-420E-9768-202A876152A2}.Debug|Mixed Platforms.Build.0 = Debug|iPhone
		{DE733217-C45E-420E-9768-202A876152A2}.Release|Any CPU.ActiveCfg = Release|iPhone
		{DE733217-C45E-420E-9768-202A876152A2}.Release|iPhone.ActiveCfg = Release|iPhone
		{DE733217-C45E-420E-9768-202A876152A2}.Release|iPhone.Build.0 = Release|iPhone
		{DE733217-C45E-420E-9768-202A876152A2}.Release|iPhoneSimulator.ActiveCfg = Release|iPhoneSimulator
		{DE733217-C45E-420E-9768-202A876152A2}.Release|iPhoneSimulator.Build.0 = Release|iPhoneSimulator
		{DE733217-C45E-420E-9768-202A876152A2}.Release|Mixed Platforms.ActiveCfg = Release|iPhone
		{DE733217-C45E-420E-9768-202A876152A2}.Release|Mixed Platforms.Build.0 = Release|iPhone
	EndGlobalSection
	GlobalSection(SolutionProperties) = preSolution
		HideSolutionNode = FALSE
	EndGlobalSection
EndGlobal
